
Microsoft Visual Studio Solution File, Format Version 12.00
# Visual Studio Version 16
VisualStudioVersion = 16.0.31112.23
MinimumVisualStudioVersion = 10.0.40219.1
Project("{FAE04EC0-301F-11D3-BF4B-00C04F79EFBC}") = "Traversal_holiday", "Traversal_holiday\Traversal_holiday.csproj", "{00395D64-7BB2-4DCE-BACD-847729C94343}"
EndProject
Project("{FAE04EC0-301F-11D3-BF4B-00C04F79EFBC}") = "EntityLayer", "EntityLayer\EntityLayer.csproj", "{C3FE5DA6-417C-4BD0-B171-3FFAF17F9C72}"
EndProject
Project("{FAE04EC0-301F-11D3-BF4B-00C04F79EFBC}") = "DataAccessLayer", "DataAccessLayer\DataAccessLayer.csproj", "{9299C427-B07B-4BB0-9C38-AEF13D141F18}"
EndProject
Project("{FAE04EC0-301F-11D3-BF4B-00C04F79EFBC}") = "BusinessLayer", "BusinessLayer\BusinessLayer.csproj", "{A2311CB2-CF32-4C2F-B4B5-28B21A9F9EF0}"
EndProject
Global
	GlobalSection(SolutionConfigurationPlatforms) = preSolution
		Debug|Any CPU = Debug|Any CPU
		Release|Any CPU = Release|Any CPU
	EndGlobalSection
	GlobalSection(ProjectConfigurationPlatforms) = postSolution
		{00395D64-7BB2-4DCE-BACD-847729C94343}.Debug|Any CPU.ActiveCfg = Debug|Any CPU
		{00395D64-7BB2-4DCE-BACD-847729C94343}.Debug|Any CPU.Build.0 = Debug|Any CPU
		{00395D64-7BB2-4DCE-BACD-847729C94343}.Release|Any CPU.ActiveCfg = Release|Any CPU
		{00395D64-7BB2-4DCE-BACD-847729C94343}.Release|Any CPU.Build.0 = Release|Any CPU
		{C3FE5DA6-417C-4BD0-B171-3FFAF17F9C72}.Debug|Any CPU.ActiveCfg = Debug|Any CPU
		{C3FE5DA6-417C-4BD0-B171-3FFAF17F9C72}.Debug|Any CPU.Build.0 = Debug|Any CPU
		{C3FE5DA6-417C-4BD0-B171-3FFAF17F9C72}.Release|Any CPU.ActiveCfg = Release|Any CPU
		{C3FE5DA6-417C-4BD0-B171-3FFAF17F9C72}.Release|Any CPU.Build.0 = Release|Any CPU
		{9299C427-B07B-4BB0-9C38-AEF13D141F18}.Debug|Any CPU.ActiveCfg = Debug|Any CPU
		{9299C427-B07B-4BB0-9C38-AEF13D141F18}.Debug|Any CPU.Build.0 = Debug|Any CPU
		{9299C427-B07B-4BB0-9C38-AEF13D141F18}.Release|Any CPU.ActiveCfg = Release|Any CPU
		{9299C427-B07B-4BB0-9C38-AEF13D141F18}.Release|Any CPU.Build.0 = Release|Any CPU
		{A2311CB2-CF32-4C2F-B4B5-28B21A9F9EF0}.Debug|Any CPU.ActiveCfg = Debug|Any CPU
		{A2311CB2-CF32-4C2F-B4B5-28B21A9F9EF0}.Debug|Any CPU.Build.0 = Debug|Any CPU
		{A2311CB2-CF32-4C2F-B4B5-28B21A9F9EF0}.Release|Any CPU.ActiveCfg = Release|Any CPU
		{A2311CB2-CF32-4C2F-B4B5-28B21A9F9EF0}.Release|Any CPU.Build.0 = Release|Any CPU
	EndGlobalSection
	GlobalSection(SolutionProperties) = preSolution
		HideSolutionNode = FALSE
	EndGlobalSection
	GlobalSection(ExtensibilityGlobals) = postSolution
		SolutionGuid = {16404894-0339-41D3-949D-B41771753626}
	EndGlobalSection
EndGlobal
